// !$*UTF8*$!
{
	archiveVersion = 1;
	classes = {
	};
	objectVersion = 77;
	objects = {

/* Begin PBXBuildFile section */
		84D085012F094A5A00C35112 /* ContentView.swift in Sources */ = {isa = PBXBuildFile; fileRef = 84D085002F0949F700C35112 /* ContentView.swift */; };
		84D085022F094A5A00C35112 /* AuroraApp.swift in Sources */ = {isa = PBXBuildFile; fileRef = 84D084FF2F0949CC00C35112 /* AuroraApp.swift */; };
		84D085062F094CED00C35112 /* libtdjson.1.8.59.dylib in Frameworks */ = {isa = PBXBuildFile; fileRef = 84D085052F094CED00C35112 /* libtdjson.1.8.59.dylib */; };
		84D085082F094D2C00C35112 /* libtdjson.1.8.59.dylib in CopyFiles */ = {isa = PBXBuildFile; fileRef = 84D085052F094CED00C35112 /* libtdjson.1.8.59.dylib */; settings = {ATTRIBUTES = (CodeSignOnCopy, ); }; };
		84D0850A2F094EE800C35112 /* TDLibClient.swift in Sources */ = {isa = PBXBuildFile; fileRef = 84D085092F094D8400C35112 /* TDLibClient.swift */; };
		84D0850C2F094FC700C35112 /* Config.swift in Sources */ = {isa = PBXBuildFile; fileRef = 84D0850B2F094FC000C35112 /* Config.swift */; };
		84D0850E2F095F3200C35112 /* TelegramModels.swift in Sources */ = {isa = PBXBuildFile; fileRef = 84D0850D2F095F2F00C35112 /* TelegramModels.swift */; };
		84D085122F095FA000C35112 /* TelegramStore.swift in Sources */ = {isa = PBXBuildFile; fileRef = 84D085112F095F9B00C35112 /* TelegramStore.swift */; };
		84D0851D2F09691700C35112 /* ChatInspectorView.swift in Sources */ = {isa = PBXBuildFile; fileRef = 84D0851C2F09689200C35112 /* ChatInspectorView.swift */; };
		84D0851E2F09691700C35112 /* ComposerBar.swift in Sources */ = {isa = PBXBuildFile; fileRef = 84D0851B2F09687C00C35112 /* ComposerBar.swift */; };
		84D0851F2F09691700C35112 /* MessageGroupView.swift in Sources */ = {isa = PBXBuildFile; fileRef = 84D0851A2F09686100C35112 /* MessageGroupView.swift */; };
		84D085202F09691700C35112 /* MessagesPane.swift in Sources */ = {isa = PBXBuildFile; fileRef = 84D085192F09684A00C35112 /* MessagesPane.swift */; };
		84D085212F09691700C35112 /* ChatHeader.swift in Sources */ = {isa = PBXBuildFile; fileRef = 84D085182F09682D00C35112 /* ChatHeader.swift */; };
		84D085222F09691700C35112 /* ChatScreen.swift in Sources */ = {isa = PBXBuildFile; fileRef = 84D085172F09680600C35112 /* ChatScreen.swift */; };
		84D085242F096ED700C35112 /* MessageBubble.swift in Sources */ = {isa = PBXBuildFile; fileRef = 84D085232F096ED500C35112 /* MessageBubble.swift */; };
		84D085262F096F4600C35112 /* ChatRow.swift in Sources */ = {isa = PBXBuildFile; fileRef = 84D085252F096F4500C35112 /* ChatRow.swift */; };
		84E687892F097FF400C89BE7 /* ChatTitleButton.swift in Sources */ = {isa = PBXBuildFile; fileRef = 84E687882F097FF200C89BE7 /* ChatTitleButton.swift */; };
		84E6878B2F09869100C89BE7 /* BottomScrim.swift in Sources */ = {isa = PBXBuildFile; fileRef = 84E6878A2F09868F00C89BE7 /* BottomScrim.swift */; };
		84E6878E2F09BFB600C89BE7 /* SettingsRootView.swift in Sources */ = {isa = PBXBuildFile; fileRef = 84E6878D2F09BFB400C89BE7 /* SettingsRootView.swift */; };
		84E687922F0AA52F00C89BE7 /* CoreImage.swift in Sources */ = {isa = PBXBuildFile; fileRef = 84E687912F0AA52300C89BE7 /* CoreImage.swift */; };
		84EE1A022F0D359500890773 /* TelegramStore+UpdateHandling.swift in Sources */ = {isa = PBXBuildFile; fileRef = 84EE1A012F0D359000890773 /* TelegramStore+UpdateHandling.swift */; };
		84EE1A042F0D35B700890773 /* TelegramStore+TDLibParameters.swift in Sources */ = {isa = PBXBuildFile; fileRef = 84EE1A032F0D35AF00890773 /* TelegramStore+TDLibParameters.swift */; };
		84EE1A072F0D361900890773 /* TelegramStore+History.swift in Sources */ = {isa = PBXBuildFile; fileRef = 84EE1A062F0D361600890773 /* TelegramStore+History.swift */; };
		84EE1A092F0D363300890773 /* TelegramStore+Storage.swift in Sources */ = {isa = PBXBuildFile; fileRef = 84EE1A082F0D362F00890773 /* TelegramStore+Storage.swift */; };
		84EE1A0B2F0D365100890773 /* TelegramStore+Avatars.swift in Sources */ = {isa = PBXBuildFile; fileRef = 84EE1A0A2F0D364E00890773 /* TelegramStore+Avatars.swift */; };
		84EE1A0D2F0D366B00890773 /* TelegramStore+ChatState.swift in Sources */ = {isa = PBXBuildFile; fileRef = 84EE1A0C2F0D366700890773 /* TelegramStore+ChatState.swift */; };
		84EE1A0F2F0D368400890773 /* TelegramStore+Timeline.swift in Sources */ = {isa = PBXBuildFile; fileRef = 84EE1A0E2F0D368100890773 /* TelegramStore+Timeline.swift */; };
		84EE1A112F0D369F00890773 /* TelegramStore+OptimisticSending.swift in Sources */ = {isa = PBXBuildFile; fileRef = 84EE1A102F0D369B00890773 /* TelegramStore+OptimisticSending.swift */; };
		84EE1A132F0D36B900890773 /* TelegramStore+EditsAndDeletes.swift in Sources */ = {isa = PBXBuildFile; fileRef = 84EE1A122F0D36B600890773 /* TelegramStore+EditsAndDeletes.swift */; };
		84EE1A152F0D36CD00890773 /* TelegramStore+Parsing.swift.swift in Sources */ = {isa = PBXBuildFile; fileRef = 84EE1A142F0D36CC00890773 /* TelegramStore+Parsing.swift.swift */; };
		84EE1A172F0D36EE00890773 /* ThumbHash.swift in Sources */ = {isa = PBXBuildFile; fileRef = 84EE1A162F0D36EA00890773 /* ThumbHash.swift */; };
/* End PBXBuildFile section */

/* Begin PBXCopyFilesBuildPhase section */
		84D085072F094D0800C35112 /* CopyFiles */ = {
			isa = PBXCopyFilesBuildPhase;
			buildActionMask = 2147483647;
			dstPath = "";
			dstSubfolderSpec = 10;
			files = (
				84D085082F094D2C00C35112 /* libtdjson.1.8.59.dylib in CopyFiles */,
			);
			runOnlyForDeploymentPostprocessing = 0;
		};
/* End PBXCopyFilesBuildPhase section */

/* Begin PBXFileReference section */
		84D084E32F09476900C35112 /* Aurora.app */ = {isa = PBXFileReference; explicitFileType = wrapper.application; includeInIndex = 0; path = Aurora.app; sourceTree = BUILT_PRODUCTS_DIR; };
		84D084FF2F0949CC00C35112 /* AuroraApp.swift */ = {isa = PBXFileReference; lastKnownFileType = sourcecode.swift; path = AuroraApp.swift; sourceTree = "<group>"; };
		84D085002F0949F700C35112 /* ContentView.swift */ = {isa = PBXFileReference; lastKnownFileType = sourcecode.swift; path = ContentView.swift; sourceTree = "<group>"; };
		84D085032F094BC300C35112 /* TDLibBridge.h */ = {isa = PBXFileReference; lastKnownFileType = sourcecode.c.h; path = TDLibBridge.h; sourceTree = "<group>"; };
		84D085052F094CED00C35112 /* libtdjson.1.8.59.dylib */ = {isa = PBXFileReference; lastKnownFileType = "compiled.mach-o.dylib"; name = libtdjson.1.8.59.dylib; path = Vendor/TDLib/lib/libtdjson.1.8.59.dylib; sourceTree = "<group>"; };
		84D085092F094D8400C35112 /* TDLibClient.swift */ = {isa = PBXFileReference; lastKnownFileType = sourcecode.swift; path = TDLibClient.swift; sourceTree = "<group>"; };
		84D0850B2F094FC000C35112 /* Config.swift */ = {isa = PBXFileReference; lastKnownFileType = sourcecode.swift; path = Config.swift; sourceTree = "<group>"; };
		84D0850D2F095F2F00C35112 /* TelegramModels.swift */ = {isa = PBXFileReference; lastKnownFileType = sourcecode.swift; path = TelegramModels.swift; sourceTree = "<group>"; };
		84D085112F095F9B00C35112 /* TelegramStore.swift */ = {isa = PBXFileReference; lastKnownFileType = sourcecode.swift; path = TelegramStore.swift; sourceTree = "<group>"; };
		84D085172F09680600C35112 /* ChatScreen.swift */ = {isa = PBXFileReference; lastKnownFileType = sourcecode.swift; path = ChatScreen.swift; sourceTree = "<group>"; };
		84D085182F09682D00C35112 /* ChatHeader.swift */ = {isa = PBXFileReference; lastKnownFileType = sourcecode.swift; path = ChatHeader.swift; sourceTree = "<group>"; };
		84D085192F09684A00C35112 /* MessagesPane.swift */ = {isa = PBXFileReference; lastKnownFileType = sourcecode.swift; path = MessagesPane.swift; sourceTree = "<group>"; };
		84D0851A2F09686100C35112 /* MessageGroupView.swift */ = {isa = PBXFileReference; lastKnownFileType = sourcecode.swift; path = MessageGroupView.swift; sourceTree = "<group>"; };
		84D0851B2F09687C00C35112 /* ComposerBar.swift */ = {isa = PBXFileReference; lastKnownFileType = sourcecode.swift; path = ComposerBar.swift; sourceTree = "<group>"; };
		84D0851C2F09689200C35112 /* ChatInspectorView.swift */ = {isa = PBXFileReference; lastKnownFileType = sourcecode.swift; path = ChatInspectorView.swift; sourceTree = "<group>"; };
		84D085232F096ED500C35112 /* MessageBubble.swift */ = {isa = PBXFileReference; lastKnownFileType = sourcecode.swift; path = MessageBubble.swift; sourceTree = "<group>"; };
		84D085252F096F4500C35112 /* ChatRow.swift */ = {isa = PBXFileReference; lastKnownFileType = sourcecode.swift; path = ChatRow.swift; sourceTree = "<group>"; };
		84E687882F097FF200C89BE7 /* ChatTitleButton.swift */ = {isa = PBXFileReference; lastKnownFileType = sourcecode.swift; path = ChatTitleButton.swift; sourceTree = "<group>"; };
		84E6878A2F09868F00C89BE7 /* BottomScrim.swift */ = {isa = PBXFileReference; lastKnownFileType = sourcecode.swift; path = BottomScrim.swift; sourceTree = "<group>"; };
		84E6878D2F09BFB400C89BE7 /* SettingsRootView.swift */ = {isa = PBXFileReference; lastKnownFileType = sourcecode.swift; path = SettingsRootView.swift; sourceTree = "<group>"; };
		84E687912F0AA52300C89BE7 /* CoreImage.swift */ = {isa = PBXFileReference; lastKnownFileType = sourcecode.swift; path = CoreImage.swift; sourceTree = "<group>"; };
		84EE1A012F0D359000890773 /* TelegramStore+UpdateHandling.swift */ = {isa = PBXFileReference; lastKnownFileType = sourcecode.swift; path = "TelegramStore+UpdateHandling.swift"; sourceTree = "<group>"; };
		84EE1A032F0D35AF00890773 /* TelegramStore+TDLibParameters.swift */ = {isa = PBXFileReference; lastKnownFileType = sourcecode.swift; path = "TelegramStore+TDLibParameters.swift"; sourceTree = "<group>"; };
		84EE1A062F0D361600890773 /* TelegramStore+History.swift */ = {isa = PBXFileReference; lastKnownFileType = sourcecode.swift; path = "TelegramStore+History.swift"; sourceTree = "<group>"; };
		84EE1A082F0D362F00890773 /* TelegramStore+Storage.swift */ = {isa = PBXFileReference; lastKnownFileType = sourcecode.swift; path = "TelegramStore+Storage.swift"; sourceTree = "<group>"; };
		84EE1A0A2F0D364E00890773 /* TelegramStore+Avatars.swift */ = {isa = PBXFileReference; lastKnownFileType = sourcecode.swift; path = "TelegramStore+Avatars.swift"; sourceTree = "<group>"; };
		84EE1A0C2F0D366700890773 /* TelegramStore+ChatState.swift */ = {isa = PBXFileReference; lastKnownFileType = sourcecode.swift; path = "TelegramStore+ChatState.swift"; sourceTree = "<group>"; };
		84EE1A0E2F0D368100890773 /* TelegramStore+Timeline.swift */ = {isa = PBXFileReference; lastKnownFileType = sourcecode.swift; path = "TelegramStore+Timeline.swift"; sourceTree = "<group>"; };
		84EE1A102F0D369B00890773 /* TelegramStore+OptimisticSending.swift */ = {isa = PBXFileReference; lastKnownFileType = sourcecode.swift; path = "TelegramStore+OptimisticSending.swift"; sourceTree = "<group>"; };
		84EE1A122F0D36B600890773 /* TelegramStore+EditsAndDeletes.swift */ = {isa = PBXFileReference; lastKnownFileType = sourcecode.swift; path = "TelegramStore+EditsAndDeletes.swift"; sourceTree = "<group>"; };
		84EE1A142F0D36CC00890773 /* TelegramStore+Parsing.swift.swift */ = {isa = PBXFileReference; lastKnownFileType = sourcecode.swift; path = "TelegramStore+Parsing.swift.swift"; sourceTree = "<group>"; };
		84EE1A162F0D36EA00890773 /* ThumbHash.swift */ = {isa = PBXFileReference; lastKnownFileType = sourcecode.swift; path = ThumbHash.swift; sourceTree = "<group>"; };
/* End PBXFileReference section */

/* Begin PBXFrameworksBuildPhase section */
		84D084E02F09476900C35112 /* Frameworks */ = {
			isa = PBXFrameworksBuildPhase;
			buildActionMask = 2147483647;
			files = (
				84D085062F094CED00C35112 /* libtdjson.1.8.59.dylib in Frameworks */,
			);
			runOnlyForDeploymentPostprocessing = 0;
		};
/* End PBXFrameworksBuildPhase section */

/* Begin PBXGroup section */
		84D084DA2F09476900C35112 = {
			isa = PBXGroup;
			children = (
				84D084F72F09490B00C35112 /* Core */,
				84D084F42F0948C600C35112 /* Features */,
				84D084F22F0948AC00C35112 /* App */,
				84D085042F094CEC00C35112 /* Frameworks */,
				84D084E42F09476900C35112 /* Products */,
			);
			sourceTree = "<group>";
		};
		84D084E42F09476900C35112 /* Products */ = {
			isa = PBXGroup;
			children = (
				84D084E32F09476900C35112 /* Aurora.app */,
			);
			name = Products;
			sourceTree = "<group>";
		};
		84D084F22F0948AC00C35112 /* App */ = {
			isa = PBXGroup;
			children = (
				84D085002F0949F700C35112 /* ContentView.swift */,
				84D084FF2F0949CC00C35112 /* AuroraApp.swift */,
			);
			path = App;
			sourceTree = "<group>";
		};
		84D084F42F0948C600C35112 /* Features */ = {
			isa = PBXGroup;
			children = (
				84E6878C2F09BFA800C89BE7 /* Settings */,
				84D084FC2F09494400C35112 /* Chat */,
				84D084FB2F09493A00C35112 /* Chats */,
				84D084FA2F09492D00C35112 /* Auth */,
			);
			path = Features;
			sourceTree = "<group>";
		};
		84D084F52F0948D700C35112 /* UI */ = {
			isa = PBXGroup;
			children = (
				84D084FE2F09495900C35112 /* Theme */,
				84D084FD2F09494C00C35112 /* Components */,
			);
			path = UI;
			sourceTree = "<group>";
		};
		84D084F72F09490B00C35112 /* Core */ = {
			isa = PBXGroup;
			children = (
				84D084F92F09492200C35112 /* Config */,
				84D084F82F09491600C35112 /* TDLib */,
				84D084F52F0948D700C35112 /* UI */,
			);
			path = Core;
			sourceTree = "<group>";
		};
		84D084F82F09491600C35112 /* TDLib */ = {
			isa = PBXGroup;
			children = (
				84EE1A052F0D35BB00890773 /* ExtensionsTGS */,
				84D085112F095F9B00C35112 /* TelegramStore.swift */,
				84D0850D2F095F2F00C35112 /* TelegramModels.swift */,
				84D085092F094D8400C35112 /* TDLibClient.swift */,
				84D085032F094BC300C35112 /* TDLibBridge.h */,
			);
			path = TDLib;
			sourceTree = "<group>";
		};
		84D084F92F09492200C35112 /* Config */ = {
			isa = PBXGroup;
			children = (
				84D0850B2F094FC000C35112 /* Config.swift */,
			);
			path = Config;
			sourceTree = "<group>";
		};
		84D084FA2F09492D00C35112 /* Auth */ = {
			isa = PBXGroup;
			children = (
			);
			path = Auth;
			sourceTree = "<group>";
		};
		84D084FB2F09493A00C35112 /* Chats */ = {
			isa = PBXGroup;
			children = (
			);
			path = Chats;
			sourceTree = "<group>";
		};
		84D084FC2F09494400C35112 /* Chat */ = {
			isa = PBXGroup;
			children = (
				84E687912F0AA52300C89BE7 /* CoreImage.swift */,
				84E6878A2F09868F00C89BE7 /* BottomScrim.swift */,
				84E687882F097FF200C89BE7 /* ChatTitleButton.swift */,
				84D085252F096F4500C35112 /* ChatRow.swift */,
				84D085232F096ED500C35112 /* MessageBubble.swift */,
				84D0851C2F09689200C35112 /* ChatInspectorView.swift */,
				84D0851B2F09687C00C35112 /* ComposerBar.swift */,
				84D0851A2F09686100C35112 /* MessageGroupView.swift */,
				84D085192F09684A00C35112 /* MessagesPane.swift */,
				84D085182F09682D00C35112 /* ChatHeader.swift */,
				84D085172F09680600C35112 /* ChatScreen.swift */,
			);
			path = Chat;
			sourceTree = "<group>";
		};
		84D084FD2F09494C00C35112 /* Components */ = {
			isa = PBXGroup;
			children = (
			);
			path = Components;
			sourceTree = "<group>";
		};
		84D084FE2F09495900C35112 /* Theme */ = {
			isa = PBXGroup;
			children = (
			);
			path = Theme;
			sourceTree = "<group>";
		};
		84D085042F094CEC00C35112 /* Frameworks */ = {
			isa = PBXGroup;
			children = (
				84D085052F094CED00C35112 /* libtdjson.1.8.59.dylib */,
			);
			name = Frameworks;
			sourceTree = "<group>";
		};
		84E6878C2F09BFA800C89BE7 /* Settings */ = {
			isa = PBXGroup;
			children = (
				84E6878D2F09BFB400C89BE7 /* SettingsRootView.swift */,
			);
			path = Settings;
			sourceTree = "<group>";
		};
		84EE1A052F0D35BB00890773 /* ExtensionsTGS */ = {
			isa = PBXGroup;
			children = (
				84EE1A162F0D36EA00890773 /* ThumbHash.swift */,
				84EE1A142F0D36CC00890773 /* TelegramStore+Parsing.swift.swift */,
				84EE1A122F0D36B600890773 /* TelegramStore+EditsAndDeletes.swift */,
				84EE1A102F0D369B00890773 /* TelegramStore+OptimisticSending.swift */,
				84EE1A0E2F0D368100890773 /* TelegramStore+Timeline.swift */,
				84EE1A0C2F0D366700890773 /* TelegramStore+ChatState.swift */,
				84EE1A0A2F0D364E00890773 /* TelegramStore+Avatars.swift */,
				84EE1A082F0D362F00890773 /* TelegramStore+Storage.swift */,
				84EE1A062F0D361600890773 /* TelegramStore+History.swift */,
				84EE1A032F0D35AF00890773 /* TelegramStore+TDLibParameters.swift */,
				84EE1A012F0D359000890773 /* TelegramStore+UpdateHandling.swift */,
			);
			path = ExtensionsTGS;
			sourceTree = "<group>";
		};
/* End PBXGroup section */

/* Begin PBXNativeTarget section */
		84D084E22F09476900C35112 /* Aurora */ = {
			isa = PBXNativeTarget;
			buildConfigurationList = 84D084EE2F09476B00C35112 /* Build configuration list for PBXNativeTarget "Aurora" */;
			buildPhases = (
				84D084DF2F09476900C35112 /* Sources */,
				84D084E02F09476900C35112 /* Frameworks */,
				84D084E12F09476900C35112 /* Resources */,
				84D085072F094D0800C35112 /* CopyFiles */,
			);
			buildRules = (
			);
			dependencies = (
			);
			name = Aurora;
			packageProductDependencies = (
			);
			productName = Aurora;
			productReference = 84D084E32F09476900C35112 /* Aurora.app */;
			productType = "com.apple.product-type.application";
		};
/* End PBXNativeTarget section */

/* Begin PBXProject section */
		84D084DB2F09476900C35112 /* Project object */ = {
			isa = PBXProject;
			attributes = {
				BuildIndependentTargetsInParallel = 1;
				LastSwiftUpdateCheck = 2620;
				LastUpgradeCheck = 2620;
				TargetAttributes = {
					84D084E22F09476900C35112 = {
						CreatedOnToolsVersion = 26.2;
					};
				};
			};
			buildConfigurationList = 84D084DE2F09476900C35112 /* Build configuration list for PBXProject "Aurora" */;
			developmentRegion = en;
			hasScannedForEncodings = 0;
			knownRegions = (
				en,
				Base,
			);
			mainGroup = 84D084DA2F09476900C35112;
			minimizedProjectReferenceProxies = 1;
			preferredProjectObjectVersion = 77;
			productRefGroup = 84D084E42F09476900C35112 /* Products */;
			projectDirPath = "";
			projectRoot = "";
			targets = (
				84D084E22F09476900C35112 /* Aurora */,
			);
		};
/* End PBXProject section */

/* Begin PBXResourcesBuildPhase section */
		84D084E12F09476900C35112 /* Resources */ = {
			isa = PBXResourcesBuildPhase;
			buildActionMask = 2147483647;
			files = (
			);
			runOnlyForDeploymentPostprocessing = 0;
		};
/* End PBXResourcesBuildPhase section */

/* Begin PBXSourcesBuildPhase section */
		84D084DF2F09476900C35112 /* Sources */ = {
			isa = PBXSourcesBuildPhase;
			buildActionMask = 2147483647;
			files = (
				84EE1A0F2F0D368400890773 /* TelegramStore+Timeline.swift in Sources */,
				84D0851D2F09691700C35112 /* ChatInspectorView.swift in Sources */,
				84EE1A152F0D36CD00890773 /* TelegramStore+Parsing.swift.swift in Sources */,
				84D0851E2F09691700C35112 /* ComposerBar.swift in Sources */,
				84EE1A042F0D35B700890773 /* TelegramStore+TDLibParameters.swift in Sources */,
				84D0851F2F09691700C35112 /* MessageGroupView.swift in Sources */,
				84EE1A092F0D363300890773 /* TelegramStore+Storage.swift in Sources */,
				84EE1A0B2F0D365100890773 /* TelegramStore+Avatars.swift in Sources */,
				84D085242F096ED700C35112 /* MessageBubble.swift in Sources */,
				84D085202F09691700C35112 /* MessagesPane.swift in Sources */,
				84EE1A172F0D36EE00890773 /* ThumbHash.swift in Sources */,
				84D085212F09691700C35112 /* ChatHeader.swift in Sources */,
				84D085262F096F4600C35112 /* ChatRow.swift in Sources */,
				84D085222F09691700C35112 /* ChatScreen.swift in Sources */,
				84D085122F095FA000C35112 /* TelegramStore.swift in Sources */,
				84E6878B2F09869100C89BE7 /* BottomScrim.swift in Sources */,
				84EE1A072F0D361900890773 /* TelegramStore+History.swift in Sources */,
				84D0850A2F094EE800C35112 /* TDLibClient.swift in Sources */,
				84D0850C2F094FC700C35112 /* Config.swift in Sources */,
				84E6878E2F09BFB600C89BE7 /* SettingsRootView.swift in Sources */,
				84EE1A022F0D359500890773 /* TelegramStore+UpdateHandling.swift in Sources */,
				84EE1A0D2F0D366B00890773 /* TelegramStore+ChatState.swift in Sources */,
				84EE1A132F0D36B900890773 /* TelegramStore+EditsAndDeletes.swift in Sources */,
				84D085012F094A5A00C35112 /* ContentView.swift in Sources */,
				84E687922F0AA52F00C89BE7 /* CoreImage.swift in Sources */,
				84EE1A112F0D369F00890773 /* TelegramStore+OptimisticSending.swift in Sources */,
				84D085022F094A5A00C35112 /* AuroraApp.swift in Sources */,
				84E687892F097FF400C89BE7 /* ChatTitleButton.swift in Sources */,
				84D0850E2F095F3200C35112 /* TelegramModels.swift in Sources */,
			);
			runOnlyForDeploymentPostprocessing = 0;
		};
/* End PBXSourcesBuildPhase section */

/* Begin XCBuildConfiguration section */
		84D084EC2F09476B00C35112 /* Debug */ = {
			isa = XCBuildConfiguration;
			buildSettings = {
				ALWAYS_SEARCH_USER_PATHS = NO;
				ASSETCATALOG_COMPILER_GENERATE_SWIFT_ASSET_SYMBOL_EXTENSIONS = YES;
				CLANG_ANALYZER_NONNULL = YES;
				CLANG_ANALYZER_NUMBER_OBJECT_CONVERSION = YES_AGGRESSIVE;
				CLANG_CXX_LANGUAGE_STANDARD = "gnu++20";
				CLANG_ENABLE_MODULES = YES;
				CLANG_ENABLE_OBJC_ARC = YES;
				CLANG_ENABLE_OBJC_WEAK = YES;
				CLANG_WARN_BLOCK_CAPTURE_AUTORELEASING = YES;
				CLANG_WARN_BOOL_CONVERSION = YES;
				CLANG_WARN_COMMA = YES;
				CLANG_WARN_CONSTANT_CONVERSION = YES;
				CLANG_WARN_DEPRECATED_OBJC_IMPLEMENTATIONS = YES;
				CLANG_WARN_DIRECT_OBJC_ISA_USAGE = YES_ERROR;
				CLANG_WARN_DOCUMENTATION_COMMENTS = YES;
				CLANG_WARN_EMPTY_BODY = YES;
				CLANG_WARN_ENUM_CONVERSION = YES;
				CLANG_WARN_INFINITE_RECURSION = YES;
				CLANG_WARN_INT_CONVERSION = YES;
				CLANG_WARN_NON_LITERAL_NULL_CONVERSION = YES;
				CLANG_WARN_OBJC_IMPLICIT_RETAIN_SELF = YES;
				CLANG_WARN_OBJC_LITERAL_CONVERSION = YES;
				CLANG_WARN_OBJC_ROOT_CLASS = YES_ERROR;
				CLANG_WARN_QUOTED_INCLUDE_IN_FRAMEWORK_HEADER = YES;
				CLANG_WARN_RANGE_LOOP_ANALYSIS = YES;
				CLANG_WARN_STRICT_PROTOTYPES = YES;
				CLANG_WARN_SUSPICIOUS_MOVE = YES;
				CLANG_WARN_UNGUARDED_AVAILABILITY = YES_AGGRESSIVE;
				CLANG_WARN_UNREACHABLE_CODE = YES;
				CLANG_WARN__DUPLICATE_METHOD_MATCH = YES;
				COPY_PHASE_STRIP = NO;
				DEBUG_INFORMATION_FORMAT = dwarf;
				DEVELOPMENT_TEAM = 4F34Y2LNZG;
				ENABLE_STRICT_OBJC_MSGSEND = YES;
				ENABLE_TESTABILITY = YES;
				ENABLE_USER_SCRIPT_SANDBOXING = YES;
				GCC_C_LANGUAGE_STANDARD = gnu17;
				GCC_DYNAMIC_NO_PIC = NO;
				GCC_NO_COMMON_BLOCKS = YES;
				GCC_OPTIMIZATION_LEVEL = 0;
				GCC_PREPROCESSOR_DEFINITIONS = (
					"DEBUG=1",
					"$(inherited)",
				);
				GCC_WARN_64_TO_32_BIT_CONVERSION = YES;
				GCC_WARN_ABOUT_RETURN_TYPE = YES_ERROR;
				GCC_WARN_UNDECLARED_SELECTOR = YES;
				GCC_WARN_UNINITIALIZED_AUTOS = YES_AGGRESSIVE;
				GCC_WARN_UNUSED_FUNCTION = YES;
				GCC_WARN_UNUSED_VARIABLE = YES;
				LOCALIZATION_PREFERS_STRING_CATALOGS = YES;
				MACOSX_DEPLOYMENT_TARGET = 26.1;
				MTL_ENABLE_DEBUG_INFO = INCLUDE_SOURCE;
				MTL_FAST_MATH = YES;
				ONLY_ACTIVE_ARCH = YES;
				SDKROOT = macosx;
				SWIFT_ACTIVE_COMPILATION_CONDITIONS = "DEBUG $(inherited)";
				SWIFT_OPTIMIZATION_LEVEL = "-Onone";
			};
			name = Debug;
		};
		84D084ED2F09476B00C35112 /* Release */ = {
			isa = XCBuildConfiguration;
			buildSettings = {
				ALWAYS_SEARCH_USER_PATHS = NO;
				ASSETCATALOG_COMPILER_GENERATE_SWIFT_ASSET_SYMBOL_EXTENSIONS = YES;
				CLANG_ANALYZER_NONNULL = YES;
				CLANG_ANALYZER_NUMBER_OBJECT_CONVERSION = YES_AGGRESSIVE;
				CLANG_CXX_LANGUAGE_STANDARD = "gnu++20";
				CLANG_ENABLE_MODULES = YES;
				CLANG_ENABLE_OBJC_ARC = YES;
				CLANG_ENABLE_OBJC_WEAK = YES;
				CLANG_WARN_BLOCK_CAPTURE_AUTORELEASING = YES;
				CLANG_WARN_BOOL_CONVERSION = YES;
				CLANG_WARN_COMMA = YES;
				CLANG_WARN_CONSTANT_CONVERSION = YES;
				CLANG_WARN_DEPRECATED_OBJC_IMPLEMENTATIONS = YES;
				CLANG_WARN_DIRECT_OBJC_ISA_USAGE = YES_ERROR;
				CLANG_WARN_DOCUMENTATION_COMMENTS = YES;
				CLANG_WARN_EMPTY_BODY = YES;
				CLANG_WARN_ENUM_CONVERSION = YES;
				CLANG_WARN_INFINITE_RECURSION = YES;
				CLANG_WARN_INT_CONVERSION = YES;
				CLANG_WARN_NON_LITERAL_NULL_CONVERSION = YES;
				CLANG_WARN_OBJC_IMPLICIT_RETAIN_SELF = YES;
				CLANG_WARN_OBJC_LITERAL_CONVERSION = YES;
				CLANG_WARN_OBJC_ROOT_CLASS = YES_ERROR;
				CLANG_WARN_QUOTED_INCLUDE_IN_FRAMEWORK_HEADER = YES;
				CLANG_WARN_RANGE_LOOP_ANALYSIS = YES;
				CLANG_WARN_STRICT_PROTOTYPES = YES;
				CLANG_WARN_SUSPICIOUS_MOVE = YES;
				CLANG_WARN_UNGUARDED_AVAILABILITY = YES_AGGRESSIVE;
				CLANG_WARN_UNREACHABLE_CODE = YES;
				CLANG_WARN__DUPLICATE_METHOD_MATCH = YES;
				COPY_PHASE_STRIP = NO;
				DEBUG_INFORMATION_FORMAT = "dwarf-with-dsym";
				DEVELOPMENT_TEAM = 4F34Y2LNZG;
				ENABLE_NS_ASSERTIONS = NO;
				ENABLE_STRICT_OBJC_MSGSEND = YES;
				ENABLE_USER_SCRIPT_SANDBOXING = YES;
				GCC_C_LANGUAGE_STANDARD = gnu17;
				GCC_NO_COMMON_BLOCKS = YES;
				GCC_WARN_64_TO_32_BIT_CONVERSION = YES;
				GCC_WARN_ABOUT_RETURN_TYPE = YES_ERROR;
				GCC_WARN_UNDECLARED_SELECTOR = YES;
				GCC_WARN_UNINITIALIZED_AUTOS = YES_AGGRESSIVE;
				GCC_WARN_UNUSED_FUNCTION = YES;
				GCC_WARN_UNUSED_VARIABLE = YES;
				LOCALIZATION_PREFERS_STRING_CATALOGS = YES;
				MACOSX_DEPLOYMENT_TARGET = 26.1;
				MTL_ENABLE_DEBUG_INFO = NO;
				MTL_FAST_MATH = YES;
				SDKROOT = macosx;
				SWIFT_COMPILATION_MODE = wholemodule;
			};
			name = Release;
		};
		84D084EF2F09476B00C35112 /* Debug */ = {
			isa = XCBuildConfiguration;
			buildSettings = {
				ASSETCATALOG_COMPILER_APPICON_NAME = AppIcon;
				ASSETCATALOG_COMPILER_GLOBAL_ACCENT_COLOR_NAME = AccentColor;
				AUTOMATION_APPLE_EVENTS = NO;
				"CODE_SIGN_IDENTITY[sdk=macosx*]" = "-";
				CODE_SIGN_STYLE = Automatic;
				COMBINE_HIDPI_IMAGES = YES;
				CURRENT_PROJECT_VERSION = 1;
				DEVELOPMENT_TEAM = 4F34Y2LNZG;
				ENABLE_APP_SANDBOX = NO;
				ENABLE_HARDENED_RUNTIME = NO;
				ENABLE_PREVIEWS = YES;
				ENABLE_RESOURCE_ACCESS_AUDIO_INPUT = NO;
				ENABLE_RESOURCE_ACCESS_CALENDARS = NO;
				ENABLE_RESOURCE_ACCESS_CAMERA = NO;
				ENABLE_RESOURCE_ACCESS_CONTACTS = NO;
				ENABLE_RESOURCE_ACCESS_LOCATION = NO;
				ENABLE_RESOURCE_ACCESS_PHOTO_LIBRARY = NO;
				GENERATE_INFOPLIST_FILE = YES;
				HEADER_SEARCH_PATHS = "$(SRCROOT)/Vendor/TDLib/include";
				INFOPLIST_KEY_NSHumanReadableCopyright = "";
				LD_RUNPATH_SEARCH_PATHS = (
					"@executable_path/../Frameworks",
					"@loader_path/../Frameworks",
				);
				LIBRARY_SEARCH_PATHS = (
					"$(SRCROOT)/Vendor/TDLib/lib",
					"$(PROJECT_DIR)/Vendor/TDLib/lib",
				);
				MARKETING_VERSION = 1.0;
				PRODUCT_BUNDLE_IDENTIFIER = org.cae744519ec3ac28.Aurora;
				PRODUCT_NAME = "$(TARGET_NAME)";
				REGISTER_APP_GROUPS = YES;
				RUNTIME_EXCEPTION_ALLOW_DYLD_ENVIRONMENT_VARIABLES = NO;
				RUNTIME_EXCEPTION_ALLOW_JIT = NO;
				RUNTIME_EXCEPTION_ALLOW_UNSIGNED_EXECUTABLE_MEMORY = NO;
				RUNTIME_EXCEPTION_DEBUGGING_TOOL = NO;
				RUNTIME_EXCEPTION_DISABLE_EXECUTABLE_PAGE_PROTECTION = NO;
				RUNTIME_EXCEPTION_DISABLE_LIBRARY_VALIDATION = NO;
				STRING_CATALOG_GENERATE_SYMBOLS = YES;
				SWIFT_APPROACHABLE_CONCURRENCY = YES;
				SWIFT_DEFAULT_ACTOR_ISOLATION = MainActor;
				SWIFT_EMIT_LOC_STRINGS = YES;
				SWIFT_OBJC_BRIDGING_HEADER = "$(SRCROOT)/Core/TDLib/TDLibBridge.h";
				SWIFT_UPCOMING_FEATURE_MEMBER_IMPORT_VISIBILITY = YES;
				SWIFT_VERSION = 5.0;
			};
			name = Debug;
		};
		84D084F02F09476B00C35112 /* Release */ = {
			isa = XCBuildConfiguration;
			buildSettings = {
				ASSETCATALOG_COMPILER_APPICON_NAME = AppIcon;
				ASSETCATALOG_COMPILER_GLOBAL_ACCENT_COLOR_NAME = AccentColor;
				AUTOMATION_APPLE_EVENTS = NO;
				"CODE_SIGN_IDENTITY[sdk=macosx*]" = "-";
				CODE_SIGN_STYLE = Automatic;
				COMBINE_HIDPI_IMAGES = YES;
				CURRENT_PROJECT_VERSION = 1;
				DEVELOPMENT_TEAM = 4F34Y2LNZG;
				ENABLE_APP_SANDBOX = NO;
				ENABLE_HARDENED_RUNTIME = NO;
				ENABLE_PREVIEWS = YES;
				ENABLE_RESOURCE_ACCESS_AUDIO_INPUT = NO;
				ENABLE_RESOURCE_ACCESS_CALENDARS = NO;
				ENABLE_RESOURCE_ACCESS_CAMERA = NO;
				ENABLE_RESOURCE_ACCESS_CONTACTS = NO;
				ENABLE_RESOURCE_ACCESS_LOCATION = NO;
				ENABLE_RESOURCE_ACCESS_PHOTO_LIBRARY = NO;
				GENERATE_INFOPLIST_FILE = YES;
				HEADER_SEARCH_PATHS = "$(SRCROOT)/Vendor/TDLib/include";
				INFOPLIST_KEY_NSHumanReadableCopyright = "";
				LD_RUNPATH_SEARCH_PATHS = (
					"@executable_path/../Frameworks",
					"@loader_path/../Frameworks",
				);
				LIBRARY_SEARCH_PATHS = (
					"$(SRCROOT)/Vendor/TDLib/lib",
					"$(PROJECT_DIR)/Vendor/TDLib/lib",
				);
				MARKETING_VERSION = 1.0;
				PRODUCT_BUNDLE_IDENTIFIER = org.cae744519ec3ac28.Aurora;
				PRODUCT_NAME = "$(TARGET_NAME)";
				REGISTER_APP_GROUPS = YES;
				RUNTIME_EXCEPTION_ALLOW_DYLD_ENVIRONMENT_VARIABLES = NO;
				RUNTIME_EXCEPTION_ALLOW_JIT = NO;
				RUNTIME_EXCEPTION_ALLOW_UNSIGNED_EXECUTABLE_MEMORY = NO;
				RUNTIME_EXCEPTION_DEBUGGING_TOOL = NO;
				RUNTIME_EXCEPTION_DISABLE_EXECUTABLE_PAGE_PROTECTION = NO;
				RUNTIME_EXCEPTION_DISABLE_LIBRARY_VALIDATION = NO;
				STRING_CATALOG_GENERATE_SYMBOLS = YES;
				SWIFT_APPROACHABLE_CONCURRENCY = YES;
				SWIFT_DEFAULT_ACTOR_ISOLATION = MainActor;
				SWIFT_EMIT_LOC_STRINGS = YES;
				SWIFT_OBJC_BRIDGING_HEADER = "$(SRCROOT)/Core/TDLib/TDLibBridge.h";
				SWIFT_UPCOMING_FEATURE_MEMBER_IMPORT_VISIBILITY = YES;
				SWIFT_VERSION = 5.0;
			};
			name = Release;
		};
/* End XCBuildConfiguration section */

/* Begin XCConfigurationList section */
		84D084DE2F09476900C35112 /* Build configuration list for PBXProject "Aurora" */ = {
			isa = XCConfigurationList;
			buildConfigurations = (
				84D084EC2F09476B00C35112 /* Debug */,
				84D084ED2F09476B00C35112 /* Release */,
			);
			defaultConfigurationIsVisible = 0;
			defaultConfigurationName = Release;
		};
		84D084EE2F09476B00C35112 /* Build configuration list for PBXNativeTarget "Aurora" */ = {
			isa = XCConfigurationList;
			buildConfigurations = (
				84D084EF2F09476B00C35112 /* Debug */,
				84D084F02F09476B00C35112 /* Release */,
			);
			defaultConfigurationIsVisible = 0;
			defaultConfigurationName = Release;
		};
/* End XCConfigurationList section */
	};
	rootObject = 84D084DB2F09476900C35112 /* Project object */;
}
